
Microsoft Visual Studio Solution File, Format Version 12.00
# Visual Studio 15
VisualStudioVersion = 15.0.28307.960
MinimumVisualStudioVersion = 10.0.40219.1
Project("{FAE04EC0-301F-11D3-BF4B-00C04F79EFBC}") = "HK.Common", "Common\HK.Common.csproj", "{942D173D-4F72-4CD0-B8E3-23EC44EAC2C5}"
EndProject
Project("{FAE04EC0-301F-11D3-BF4B-00C04F79EFBC}") = "ConsoleApp1", "ConsoleApp1\ConsoleApp1.csproj", "{2462CA7D-14F9-4ABA-BB3E-244CA5E5ADC6}"
EndProject
Project("{FAE04EC0-301F-11D3-BF4B-00C04F79EFBC}") = "WebApplication1", "WebApplication1\WebApplication1.csproj", "{7DBC4AC3-3F97-428C-BD63-08ED355234E6}"
EndProject
Project("{FAE04EC0-301F-11D3-BF4B-00C04F79EFBC}") = "WebApplication2", "WebApplication2\WebApplication2.csproj", "{CBACFF1A-A421-48B9-A122-F999B2BB8A2D}"
EndProject
Project("{FAE04EC0-301F-11D3-BF4B-00C04F79EFBC}") = "ReadDesign", "ReadDesign\ReadDesign.csproj", "{8948DE2E-2795-4B3D-95ED-C422AF417F4C}"
EndProject
Global
	GlobalSection(SolutionConfigurationPlatforms) = preSolution
		Debug|Any CPU = Debug|Any CPU
		Release|Any CPU = Release|Any CPU
	EndGlobalSection
	GlobalSection(ProjectConfigurationPlatforms) = postSolution
		{942D173D-4F72-4CD0-B8E3-23EC44EAC2C5}.Debug|Any CPU.ActiveCfg = Debug|Any CPU
		{942D173D-4F72-4CD0-B8E3-23EC44EAC2C5}.Debug|Any CPU.Build.0 = Debug|Any CPU
		{942D173D-4F72-4CD0-B8E3-23EC44EAC2C5}.Release|Any CPU.ActiveCfg = Release|Any CPU
		{942D173D-4F72-4CD0-B8E3-23EC44EAC2C5}.Release|Any CPU.Build.0 = Release|Any CPU
		{2462CA7D-14F9-4ABA-BB3E-244CA5E5ADC6}.Debug|Any CPU.ActiveCfg = Debug|Any CPU
		{2462CA7D-14F9-4ABA-BB3E-244CA5E5ADC6}.Debug|Any CPU.Build.0 = Debug|Any CPU
		{2462CA7D-14F9-4ABA-BB3E-244CA5E5ADC6}.Release|Any CPU.ActiveCfg = Release|Any CPU
		{2462CA7D-14F9-4ABA-BB3E-244CA5E5ADC6}.Release|Any CPU.Build.0 = Release|Any CPU
		{7DBC4AC3-3F97-428C-BD63-08ED355234E6}.Debug|Any CPU.ActiveCfg = Debug|Any CPU
		{7DBC4AC3-3F97-428C-BD63-08ED355234E6}.Debug|Any CPU.Build.0 = Debug|Any CPU
		{7DBC4AC3-3F97-428C-BD63-08ED355234E6}.Release|Any CPU.ActiveCfg = Release|Any CPU
		{7DBC4AC3-3F97-428C-BD63-08ED355234E6}.Release|Any CPU.Build.0 = Release|Any CPU
		{CBACFF1A-A421-48B9-A122-F999B2BB8A2D}.Debug|Any CPU.ActiveCfg = Debug|Any CPU
		{CBACFF1A-A421-48B9-A122-F999B2BB8A2D}.Debug|Any CPU.Build.0 = Debug|Any CPU
		{CBACFF1A-A421-48B9-A122-F999B2BB8A2D}.Release|Any CPU.ActiveCfg = Release|Any CPU
		{CBACFF1A-A421-48B9-A122-F999B2BB8A2D}.Release|Any CPU.Build.0 = Release|Any CPU
		{8948DE2E-2795-4B3D-95ED-C422AF417F4C}.Debug|Any CPU.ActiveCfg = Debug|Any CPU
		{8948DE2E-2795-4B3D-95ED-C422AF417F4C}.Debug|Any CPU.Build.0 = Debug|Any CPU
		{8948DE2E-2795-4B3D-95ED-C422AF417F4C}.Release|Any CPU.ActiveCfg = Release|Any CPU
		{8948DE2E-2795-4B3D-95ED-C422AF417F4C}.Release|Any CPU.Build.0 = Release|Any CPU
	EndGlobalSection
	GlobalSection(SolutionProperties) = preSolution
		HideSolutionNode = FALSE
	EndGlobalSection
	GlobalSection(ExtensibilityGlobals) = postSolution
		SolutionGuid = {DA9CDF5B-E831-4B06-BA67-AE1FC50C311F}
	EndGlobalSection
EndGlobal
